// !$*UTF8*$!
{
	archiveVersion = 1;
	classes = {
	};
	objectVersion = 50;
	objects = {

/* Begin PBXBuildFile section */
		13356B8F22F119240067F68B /* CGPoint.swift in Sources */ = {isa = PBXBuildFile; fileRef = 13356B8E22F119240067F68B /* CGPoint.swift */; };
		13356B9122F119770067F68B /* lerp.swift in Sources */ = {isa = PBXBuildFile; fileRef = 13356B9022F119770067F68B /* lerp.swift */; };
		13DC91AB22EBFC960071753C /* AppDelegate.swift in Sources */ = {isa = PBXBuildFile; fileRef = 13DC91AA22EBFC960071753C /* AppDelegate.swift */; };
		13DC91AD22EBFC960071753C /* ViewController.swift in Sources */ = {isa = PBXBuildFile; fileRef = 13DC91AC22EBFC960071753C /* ViewController.swift */; };
		13DC91B022EBFC960071753C /* Main.storyboard in Resources */ = {isa = PBXBuildFile; fileRef = 13DC91AE22EBFC960071753C /* Main.storyboard */; };
		13DC91B222EBFC980071753C /* Assets.xcassets in Resources */ = {isa = PBXBuildFile; fileRef = 13DC91B122EBFC980071753C /* Assets.xcassets */; };
		13DC91B522EBFC980071753C /* LaunchScreen.storyboard in Resources */ = {isa = PBXBuildFile; fileRef = 13DC91B322EBFC980071753C /* LaunchScreen.storyboard */; };
		13DC91BD22EBFCAD0071753C /* GooBalls.swift in Sources */ = {isa = PBXBuildFile; fileRef = 13DC91BC22EBFCAD0071753C /* GooBalls.swift */; };
		13DC91BF22ECE98B0071753C /* GooBar.swift in Sources */ = {isa = PBXBuildFile; fileRef = 13DC91BE22ECE98B0071753C /* GooBar.swift */; };
		13DC91C122ECE9A80071753C /* GooType.swift in Sources */ = {isa = PBXBuildFile; fileRef = 13DC91C022ECE9A80071753C /* GooType.swift */; };
		13DC91C322ECE9B90071753C /* GooActivity.swift in Sources */ = {isa = PBXBuildFile; fileRef = 13DC91C222ECE9B90071753C /* GooActivity.swift */; };
		13DC91C622ECEAB50071753C /* makeLevel.swift in Sources */ = {isa = PBXBuildFile; fileRef = 13DC91C522ECEAB50071753C /* makeLevel.swift */; };
		13DC91C822ECED860071753C /* Constants.swift in Sources */ = {isa = PBXBuildFile; fileRef = 13DC91C722ECED860071753C /* Constants.swift */; };
		13DC91CA22ECF60C0071753C /* GameScene.swift in Sources */ = {isa = PBXBuildFile; fileRef = 13DC91C922ECF60C0071753C /* GameScene.swift */; };
		13DC91CC22ECFA920071753C /* Strings.swift in Sources */ = {isa = PBXBuildFile; fileRef = 13DC91CB22ECFA920071753C /* Strings.swift */; };
		A36FB86722F11FD600E13DC4 /* FindParentGoo.swift in Sources */ = {isa = PBXBuildFile; fileRef = A36FB86622F11FD600E13DC4 /* FindParentGoo.swift */; };
/* End PBXBuildFile section */

/* Begin PBXFileReference section */
		13356B8E22F119240067F68B /* CGPoint.swift */ = {isa = PBXFileReference; lastKnownFileType = sourcecode.swift; path = CGPoint.swift; sourceTree = "<group>"; };
		13356B9022F119770067F68B /* lerp.swift */ = {isa = PBXFileReference; fileEncoding = 4; lastKnownFileType = sourcecode.swift; path = lerp.swift; sourceTree = "<group>"; };
		13DC91A722EBFC960071753C /* GooBalls.app */ = {isa = PBXFileReference; explicitFileType = wrapper.application; includeInIndex = 0; path = GooBalls.app; sourceTree = BUILT_PRODUCTS_DIR; };
		13DC91AA22EBFC960071753C /* AppDelegate.swift */ = {isa = PBXFileReference; lastKnownFileType = sourcecode.swift; path = AppDelegate.swift; sourceTree = "<group>"; };
		13DC91AC22EBFC960071753C /* ViewController.swift */ = {isa = PBXFileReference; lastKnownFileType = sourcecode.swift; path = ViewController.swift; sourceTree = "<group>"; };
		13DC91AF22EBFC960071753C /* Base */ = {isa = PBXFileReference; lastKnownFileType = file.storyboard; name = Base; path = Base.lproj/Main.storyboard; sourceTree = "<group>"; };
		13DC91B122EBFC980071753C /* Assets.xcassets */ = {isa = PBXFileReference; lastKnownFileType = folder.assetcatalog; path = Assets.xcassets; sourceTree = "<group>"; };
		13DC91B422EBFC980071753C /* Base */ = {isa = PBXFileReference; lastKnownFileType = file.storyboard; name = Base; path = Base.lproj/LaunchScreen.storyboard; sourceTree = "<group>"; };
		13DC91B622EBFC980071753C /* Info.plist */ = {isa = PBXFileReference; lastKnownFileType = text.plist.xml; path = Info.plist; sourceTree = "<group>"; };
		13DC91BC22EBFCAD0071753C /* GooBalls.swift */ = {isa = PBXFileReference; lastKnownFileType = sourcecode.swift; path = GooBalls.swift; sourceTree = "<group>"; };
		13DC91BE22ECE98B0071753C /* GooBar.swift */ = {isa = PBXFileReference; lastKnownFileType = sourcecode.swift; path = GooBar.swift; sourceTree = "<group>"; };
		13DC91C022ECE9A80071753C /* GooType.swift */ = {isa = PBXFileReference; lastKnownFileType = sourcecode.swift; path = GooType.swift; sourceTree = "<group>"; };
		13DC91C222ECE9B90071753C /* GooActivity.swift */ = {isa = PBXFileReference; lastKnownFileType = sourcecode.swift; path = GooActivity.swift; sourceTree = "<group>"; };
		13DC91C522ECEAB50071753C /* makeLevel.swift */ = {isa = PBXFileReference; lastKnownFileType = sourcecode.swift; path = makeLevel.swift; sourceTree = "<group>"; };
		13DC91C722ECED860071753C /* Constants.swift */ = {isa = PBXFileReference; lastKnownFileType = sourcecode.swift; path = Constants.swift; sourceTree = "<group>"; };
		13DC91C922ECF60C0071753C /* GameScene.swift */ = {isa = PBXFileReference; lastKnownFileType = sourcecode.swift; path = GameScene.swift; sourceTree = "<group>"; };
		13DC91CB22ECFA920071753C /* Strings.swift */ = {isa = PBXFileReference; lastKnownFileType = sourcecode.swift; path = Strings.swift; sourceTree = "<group>"; };
		A36FB86622F11FD600E13DC4 /* FindParentGoo.swift */ = {isa = PBXFileReference; lastKnownFileType = sourcecode.swift; path = FindParentGoo.swift; sourceTree = "<group>"; };
/* End PBXFileReference section */

/* Begin PBXFrameworksBuildPhase section */
		13DC91A422EBFC960071753C /* Frameworks */ = {
			isa = PBXFrameworksBuildPhase;
			buildActionMask = 2147483647;
			files = (
			);
			runOnlyForDeploymentPostprocessing = 0;
		};
/* End PBXFrameworksBuildPhase section */

/* Begin PBXGroup section */
		13DC919E22EBFC960071753C = {
			isa = PBXGroup;
			children = (
				13DC91A922EBFC960071753C /* GooBalls */,
				13DC91A822EBFC960071753C /* Products */,
			);
			sourceTree = "<group>";
		};
		13DC91A822EBFC960071753C /* Products */ = {
			isa = PBXGroup;
			children = (
				13DC91A722EBFC960071753C /* GooBalls.app */,
			);
			name = Products;
			sourceTree = "<group>";
		};
		13DC91A922EBFC960071753C /* GooBalls */ = {
			isa = PBXGroup;
			children = (
				13DC91C722ECED860071753C /* Constants.swift */,
				13DC91CB22ECFA920071753C /* Strings.swift */,
				13356B8E22F119240067F68B /* CGPoint.swift */,
				13356B9022F119770067F68B /* lerp.swift */,
				13DC91C422ECE9C60071753C /* Goo */,
				13DC91AA22EBFC960071753C /* AppDelegate.swift */,
				13DC91C522ECEAB50071753C /* makeLevel.swift */,
				A36FB86622F11FD600E13DC4 /* FindParentGoo.swift */,
				13DC91AC22EBFC960071753C /* ViewController.swift */,
				13DC91C922ECF60C0071753C /* GameScene.swift */,
				13DC91AE22EBFC960071753C /* Main.storyboard */,
				13DC91B122EBFC980071753C /* Assets.xcassets */,
				13DC91B322EBFC980071753C /* LaunchScreen.storyboard */,
				13DC91B622EBFC980071753C /* Info.plist */,
			);
			path = GooBalls;
			sourceTree = "<group>";
		};
		13DC91C422ECE9C60071753C /* Goo */ = {
			isa = PBXGroup;
			children = (
				13DC91C022ECE9A80071753C /* GooType.swift */,
				13DC91C222ECE9B90071753C /* GooActivity.swift */,
				13DC91BC22EBFCAD0071753C /* GooBalls.swift */,
				13DC91BE22ECE98B0071753C /* GooBar.swift */,
			);
			path = Goo;
			sourceTree = "<group>";
		};
/* End PBXGroup section */

/* Begin PBXNativeTarget section */
		13DC91A622EBFC960071753C /* GooBalls */ = {
			isa = PBXNativeTarget;
			buildConfigurationList = 13DC91B922EBFC980071753C /* Build configuration list for PBXNativeTarget "GooBalls" */;
			buildPhases = (
				13DC91A322EBFC960071753C /* Sources */,
				13DC91A422EBFC960071753C /* Frameworks */,
				13DC91A522EBFC960071753C /* Resources */,
			);
			buildRules = (
			);
			dependencies = (
			);
			name = GooBalls;
			productName = GooBalls;
			productReference = 13DC91A722EBFC960071753C /* GooBalls.app */;
			productType = "com.apple.product-type.application";
		};
/* End PBXNativeTarget section */

/* Begin PBXProject section */
		13DC919F22EBFC960071753C /* Project object */ = {
			isa = PBXProject;
			attributes = {
				LastSwiftUpdateCheck = 1030;
				LastUpgradeCheck = 1030;
				ORGANIZATIONNAME = "Chuck Deerinck";
				TargetAttributes = {
					13DC91A622EBFC960071753C = {
						CreatedOnToolsVersion = 10.3;
					};
				};
			};
			buildConfigurationList = 13DC91A222EBFC960071753C /* Build configuration list for PBXProject "GooBalls" */;
			compatibilityVersion = "Xcode 9.3";
			developmentRegion = en;
			hasScannedForEncodings = 0;
			knownRegions = (
				en,
				Base,
			);
			mainGroup = 13DC919E22EBFC960071753C;
			productRefGroup = 13DC91A822EBFC960071753C /* Products */;
			projectDirPath = "";
			projectRoot = "";
			targets = (
				13DC91A622EBFC960071753C /* GooBalls */,
			);
		};
/* End PBXProject section */

/* Begin PBXResourcesBuildPhase section */
		13DC91A522EBFC960071753C /* Resources */ = {
			isa = PBXResourcesBuildPhase;
			buildActionMask = 2147483647;
			files = (
				13DC91B522EBFC980071753C /* LaunchScreen.storyboard in Resources */,
				13DC91B222EBFC980071753C /* Assets.xcassets in Resources */,
				13DC91B022EBFC960071753C /* Main.storyboard in Resources */,
			);
			runOnlyForDeploymentPostprocessing = 0;
		};
/* End PBXResourcesBuildPhase section */

/* Begin PBXSourcesBuildPhase section */
		13DC91A322EBFC960071753C /* Sources */ = {
			isa = PBXSourcesBuildPhase;
			buildActionMask = 2147483647;
			files = (
				13356B8F22F119240067F68B /* CGPoint.swift in Sources */,
				13DC91C122ECE9A80071753C /* GooType.swift in Sources */,
				13DC91AD22EBFC960071753C /* ViewController.swift in Sources */,
				13DC91CC22ECFA920071753C /* Strings.swift in Sources */,
				13356B9122F119770067F68B /* lerp.swift in Sources */,
				13DC91C322ECE9B90071753C /* GooActivity.swift in Sources */,
				13DC91CA22ECF60C0071753C /* GameScene.swift in Sources */,
				13DC91BF22ECE98B0071753C /* GooBar.swift in Sources */,
				13DC91BD22EBFCAD0071753C /* GooBalls.swift in Sources */,
				13DC91C622ECEAB50071753C /* makeLevel.swift in Sources */,
				13DC91AB22EBFC960071753C /* AppDelegate.swift in Sources */,
				13DC91C822ECED860071753C /* Constants.swift in Sources */,
				A36FB86722F11FD600E13DC4 /* FindParentGoo.swift in Sources */,
			);
			runOnlyForDeploymentPostprocessing = 0;
		};
/* End PBXSourcesBuildPhase section */

/* Begin PBXVariantGroup section */
		13DC91AE22EBFC960071753C /* Main.storyboard */ = {
			isa = PBXVariantGroup;
			children = (
				13DC91AF22EBFC960071753C /* Base */,
			);
			name = Main.storyboard;
			sourceTree = "<group>";
		};
		13DC91B322EBFC980071753C /* LaunchScreen.storyboard */ = {
			isa = PBXVariantGroup;
			children = (
				13DC91B422EBFC980071753C /* Base */,
			);
			name = LaunchScreen.storyboard;
			sourceTree = "<group>";
		};
/* End PBXVariantGroup section */

/* Begin XCBuildConfiguration section */
		13DC91B722EBFC980071753C /* Debug */ = {
			isa = XCBuildConfiguration;
			buildSettings = {
				ALWAYS_SEARCH_USER_PATHS = NO;
				CLANG_ANALYZER_NONNULL = YES;
				CLANG_ANALYZER_NUMBER_OBJECT_CONVERSION = YES_AGGRESSIVE;
				CLANG_CXX_LANGUAGE_STANDARD = "gnu++14";
				CLANG_CXX_LIBRARY = "libc++";
				CLANG_ENABLE_MODULES = YES;
				CLANG_ENABLE_OBJC_ARC = YES;
				CLANG_ENABLE_OBJC_WEAK = YES;
				CLANG_WARN_BLOCK_CAPTURE_AUTORELEASING = YES;
				CLANG_WARN_BOOL_CONVERSION = YES;
				CLANG_WARN_COMMA = YES;
				CLANG_WARN_CONSTANT_CONVERSION = YES;
				CLANG_WARN_DEPRECATED_OBJC_IMPLEMENTATIONS = YES;
				CLANG_WARN_DIRECT_OBJC_ISA_USAGE = YES_ERROR;
				CLANG_WARN_DOCUMENTATION_COMMENTS = YES;
				CLANG_WARN_EMPTY_BODY = YES;
				CLANG_WARN_ENUM_CONVERSION = YES;
				CLANG_WARN_INFINITE_RECURSION = YES;
				CLANG_WARN_INT_CONVERSION = YES;
				CLANG_WARN_NON_LITERAL_NULL_CONVERSION = YES;
				CLANG_WARN_OBJC_IMPLICIT_RETAIN_SELF = YES;
				CLANG_WARN_OBJC_LITERAL_CONVERSION = YES;
				CLANG_WARN_OBJC_ROOT_CLASS = YES_ERROR;
				CLANG_WARN_RANGE_LOOP_ANALYSIS = YES;
				CLANG_WARN_STRICT_PROTOTYPES = YES;
				CLANG_WARN_SUSPICIOUS_MOVE = YES;
				CLANG_WARN_UNGUARDED_AVAILABILITY = YES_AGGRESSIVE;
				CLANG_WARN_UNREACHABLE_CODE = YES;
				CLANG_WARN__DUPLICATE_METHOD_MATCH = YES;
				CODE_SIGN_IDENTITY = "iPhone Developer";
				COPY_PHASE_STRIP = NO;
				DEBUG_INFORMATION_FORMAT = dwarf;
				ENABLE_STRICT_OBJC_MSGSEND = YES;
				ENABLE_TESTABILITY = YES;
				GCC_C_LANGUAGE_STANDARD = gnu11;
				GCC_DYNAMIC_NO_PIC = NO;
				GCC_NO_COMMON_BLOCKS = YES;
				GCC_OPTIMIZATION_LEVEL = 0;
				GCC_PREPROCESSOR_DEFINITIONS = (
					"DEBUG=1",
					"$(inherited)",
				);
				GCC_WARN_64_TO_32_BIT_CONVERSION = YES;
				GCC_WARN_ABOUT_RETURN_TYPE = YES_ERROR;
				GCC_WARN_UNDECLARED_SELECTOR = YES;
				GCC_WARN_UNINITIALIZED_AUTOS = YES_AGGRESSIVE;
				GCC_WARN_UNUSED_FUNCTION = YES;
				GCC_WARN_UNUSED_VARIABLE = YES;
				IPHONEOS_DEPLOYMENT_TARGET = 12.4;
				MTL_ENABLE_DEBUG_INFO = INCLUDE_SOURCE;
				MTL_FAST_MATH = YES;
				ONLY_ACTIVE_ARCH = YES;
				SDKROOT = iphoneos;
				SWIFT_ACTIVE_COMPILATION_CONDITIONS = DEBUG;
				SWIFT_OPTIMIZATION_LEVEL = "-Onone";
			};
			name = Debug;
		};
		13DC91B822EBFC980071753C /* Release */ = {
			isa = XCBuildConfiguration;
			buildSettings = {
				ALWAYS_SEARCH_USER_PATHS = NO;
				CLANG_ANALYZER_NONNULL = YES;
				CLANG_ANALYZER_NUMBER_OBJECT_CONVERSION = YES_AGGRESSIVE;
				CLANG_CXX_LANGUAGE_STANDARD = "gnu++14";
				CLANG_CXX_LIBRARY = "libc++";
				CLANG_ENABLE_MODULES = YES;
				CLANG_ENABLE_OBJC_ARC = YES;
				CLANG_ENABLE_OBJC_WEAK = YES;
				CLANG_WARN_BLOCK_CAPTURE_AUTORELEASING = YES;
				CLANG_WARN_BOOL_CONVERSION = YES;
				CLANG_WARN_COMMA = YES;
				CLANG_WARN_CONSTANT_CONVERSION = YES;
				CLANG_WARN_DEPRECATED_OBJC_IMPLEMENTATIONS = YES;
				CLANG_WARN_DIRECT_OBJC_ISA_USAGE = YES_ERROR;
				CLANG_WARN_DOCUMENTATION_COMMENTS = YES;
				CLANG_WARN_EMPTY_BODY = YES;
				CLANG_WARN_ENUM_CONVERSION = YES;
				CLANG_WARN_INFINITE_RECURSION = YES;
				CLANG_WARN_INT_CONVERSION = YES;
				CLANG_WARN_NON_LITERAL_NULL_CONVERSION = YES;
				CLANG_WARN_OBJC_IMPLICIT_RETAIN_SELF = YES;
				CLANG_WARN_OBJC_LITERAL_CONVERSION = YES;
				CLANG_WARN_OBJC_ROOT_CLASS = YES_ERROR;
				CLANG_WARN_RANGE_LOOP_ANALYSIS = YES;
				CLANG_WARN_STRICT_PROTOTYPES = YES;
				CLANG_WARN_SUSPICIOUS_MOVE = YES;
				CLANG_WARN_UNGUARDED_AVAILABILITY = YES_AGGRESSIVE;
				CLANG_WARN_UNREACHABLE_CODE = YES;
				CLANG_WARN__DUPLICATE_METHOD_MATCH = YES;
				CODE_SIGN_IDENTITY = "iPhone Developer";
				COPY_PHASE_STRIP = NO;
				DEBUG_INFORMATION_FORMAT = "dwarf-with-dsym";
				ENABLE_NS_ASSERTIONS = NO;
				ENABLE_STRICT_OBJC_MSGSEND = YES;
				GCC_C_LANGUAGE_STANDARD = gnu11;
				GCC_NO_COMMON_BLOCKS = YES;
				GCC_WARN_64_TO_32_BIT_CONVERSION = YES;
				GCC_WARN_ABOUT_RETURN_TYPE = YES_ERROR;
				GCC_WARN_UNDECLARED_SELECTOR = YES;
				GCC_WARN_UNINITIALIZED_AUTOS = YES_AGGRESSIVE;
				GCC_WARN_UNUSED_FUNCTION = YES;
				GCC_WARN_UNUSED_VARIABLE = YES;
				IPHONEOS_DEPLOYMENT_TARGET = 12.4;
				MTL_ENABLE_DEBUG_INFO = NO;
				MTL_FAST_MATH = YES;
				SDKROOT = iphoneos;
				SWIFT_COMPILATION_MODE = wholemodule;
				SWIFT_OPTIMIZATION_LEVEL = "-O";
				VALIDATE_PRODUCT = YES;
			};
			name = Release;
		};
		13DC91BA22EBFC980071753C /* Debug */ = {
			isa = XCBuildConfiguration;
			buildSettings = {
				ASSETCATALOG_COMPILER_APPICON_NAME = AppIcon;
				CODE_SIGN_STYLE = Automatic;
				DEVELOPMENT_TEAM = C729AZWQM3;
				INFOPLIST_FILE = GooBalls/Info.plist;
				IPHONEOS_DEPLOYMENT_TARGET = 12.2;
				LD_RUNPATH_SEARCH_PATHS = (
					"$(inherited)",
					"@executable_path/Frameworks",
				);
				PRODUCT_BUNDLE_IDENTIFIER = com.cjd9.GooBalls;
				PRODUCT_NAME = "$(TARGET_NAME)";
				SWIFT_VERSION = 5.0;
				TARGETED_DEVICE_FAMILY = "1,2";
			};
			name = Debug;
		};
		13DC91BB22EBFC980071753C /* Release */ = {
			isa = XCBuildConfiguration;
			buildSettings = {
				ASSETCATALOG_COMPILER_APPICON_NAME = AppIcon;
				CODE_SIGN_STYLE = Automatic;
				DEVELOPMENT_TEAM = C729AZWQM3;
				INFOPLIST_FILE = GooBalls/Info.plist;
				IPHONEOS_DEPLOYMENT_TARGET = 12.2;
				LD_RUNPATH_SEARCH_PATHS = (
					"$(inherited)",
					"@executable_path/Frameworks",
				);
				PRODUCT_BUNDLE_IDENTIFIER = com.cjd9.GooBalls;
				PRODUCT_NAME = "$(TARGET_NAME)";
				SWIFT_VERSION = 5.0;
				TARGETED_DEVICE_FAMILY = "1,2";
			};
			name = Release;
		};
/* End XCBuildConfiguration section */

/* Begin XCConfigurationList section */
		13DC91A222EBFC960071753C /* Build configuration list for PBXProject "GooBalls" */ = {
			isa = XCConfigurationList;
			buildConfigurations = (
				13DC91B722EBFC980071753C /* Debug */,
				13DC91B822EBFC980071753C /* Release */,
			);
			defaultConfigurationIsVisible = 0;
			defaultConfigurationName = Release;
		};
		13DC91B922EBFC980071753C /* Build configuration list for PBXNativeTarget "GooBalls" */ = {
			isa = XCConfigurationList;
			buildConfigurations = (
				13DC91BA22EBFC980071753C /* Debug */,
				13DC91BB22EBFC980071753C /* Release */,
			);
			defaultConfigurationIsVisible = 0;
			defaultConfigurationName = Release;
		};
/* End XCConfigurationList section */
	};
	rootObject = 13DC919F22EBFC960071753C /* Project object */;
}
